
Microsoft Visual Studio Solution File, Format Version 12.00
# Visual Studio Version 16
VisualStudioVersion = 16.0.29728.190
MinimumVisualStudioVersion = 10.0.40219.1
Project("{FAE04EC0-301F-11D3-BF4B-00C04F79EFBC}") = "Othello", "Othello\Othello.csproj", "{77EB9722-50ED-4421-A97B-1E4D921C29AB}"
EndProject
Global
	GlobalSection(SolutionConfigurationPlatforms) = preSolution
		Debug|Any CPU = Debug|Any CPU
		Release|Any CPU = Release|Any CPU
	EndGlobalSection
	GlobalSection(ProjectConfigurationPlatforms) = postSolution
		{77EB9722-50ED-4421-A97B-1E4D921C29AB}.Debug|Any CPU.ActiveCfg = Debug|Any CPU
		{77EB9722-50ED-4421-A97B-1E4D921C29AB}.Debug|Any CPU.Build.0 = Debug|Any CPU
		{77EB9722-50ED-4421-A97B-1E4D921C29AB}.Release|Any CPU.ActiveCfg = Release|Any CPU
		{77EB9722-50ED-4421-A97B-1E4D921C29AB}.Release|Any CPU.Build.0 = Release|Any CPU
	EndGlobalSection
	GlobalSection(SolutionProperties) = preSolution
		HideSolutionNode = FALSE
	EndGlobalSection
	GlobalSection(ExtensibilityGlobals) = postSolution
		SolutionGuid = {F5E6A45D-04C3-4258-AEE2-1C1BD7CD4F7A}
	EndGlobalSection
EndGlobal
